
Microsoft Visual Studio Solution File, Format Version 12.00
# Visual Studio Version 17
VisualStudioVersion = 17.4.33205.214
MinimumVisualStudioVersion = 10.0.40219.1
Project("{2150E333-8FDC-42A3-9474-1A3956D46DE8}") = "Backend", "Backend", "{ABF8F02B-37E0-466E-BB6A-B596BD47FFF4}"
EndProject
Project("{FAE04EC0-301F-11D3-BF4B-00C04F79EFBC}") = "LaptopsMonitor.Api", "LaptopsMonitor.Api\LaptopsMonitor.Api.csproj", "{8838F00B-C80E-4419-97FD-0CD356090F67}"
EndProject
Global
	GlobalSection(SolutionConfigurationPlatforms) = preSolution
		Debug|Any CPU = Debug|Any CPU
		Release|Any CPU = Release|Any CPU
	EndGlobalSection
	GlobalSection(ProjectConfigurationPlatforms) = postSolution
		{8838F00B-C80E-4419-97FD-0CD356090F67}.Debug|Any CPU.ActiveCfg = Debug|Any CPU
		{8838F00B-C80E-4419-97FD-0CD356090F67}.Debug|Any CPU.Build.0 = Debug|Any CPU
		{8838F00B-C80E-4419-97FD-0CD356090F67}.Release|Any CPU.ActiveCfg = Release|Any CPU
		{8838F00B-C80E-4419-97FD-0CD356090F67}.Release|Any CPU.Build.0 = Release|Any CPU
	EndGlobalSection
	GlobalSection(SolutionProperties) = preSolution
		HideSolutionNode = FALSE
	EndGlobalSection
	GlobalSection(NestedProjects) = preSolution
		{8838F00B-C80E-4419-97FD-0CD356090F67} = {ABF8F02B-37E0-466E-BB6A-B596BD47FFF4}
	EndGlobalSection
	GlobalSection(ExtensibilityGlobals) = postSolution
		SolutionGuid = {E00DED8E-BF21-4478-9E91-25DCE96E037A}
	EndGlobalSection
EndGlobal
