
Microsoft Visual Studio Solution File, Format Version 12.00
# Visual Studio Version 17
VisualStudioVersion = 17.4.33205.214
MinimumVisualStudioVersion = 10.0.40219.1
Project("{2150E333-8FDC-42A3-9474-1A3956D46DE8}") = "Backend", "Backend", "{ABF8F02B-37E0-466E-BB6A-B596BD47FFF4}"
EndProject
Project("{9A19103F-16F7-4668-BE54-9A1E7A4F7556}") = "LaptopsMonitor.Api", "LaptopsMonitor.Api\LaptopsMonitor.Api.csproj", "{8838F00B-C80E-4419-97FD-0CD356090F67}"
EndProject
Project("{FAE04EC0-301F-11D3-BF4B-00C04F79EFBC}") = "LaptopsMonitor.Domain", "LaptopsMonitor.Domain\LaptopsMonitor.Domain.csproj", "{BD3CA6F8-9381-422A-B603-434620180BB0}"
EndProject
Project("{2150E333-8FDC-42A3-9474-1A3956D46DE8}") = "Shared", "Shared", "{D3A08956-F1D6-4922-874C-F643401EC34B}"
EndProject
Project("{FAE04EC0-301F-11D3-BF4B-00C04F79EFBC}") = "LaptopsMonitor.Shared.Domain", "LaptopsMonitor.Shared.Domain\LaptopsMonitor.Shared.Domain.csproj", "{0318F033-5888-44D1-BB2D-3E508FC56084}"
EndProject
Project("{FAE04EC0-301F-11D3-BF4B-00C04F79EFBC}") = "LaptopsMonitor.Infrastructure", "LaptopsMonitor.Infrastructure\LaptopsMonitor.Infrastructure.csproj", "{B57AC065-8DF5-4E9F-A272-9A463C2D9537}"
EndProject
Global
	GlobalSection(SolutionConfigurationPlatforms) = preSolution
		Debug|Any CPU = Debug|Any CPU
		Release|Any CPU = Release|Any CPU
	EndGlobalSection
	GlobalSection(ProjectConfigurationPlatforms) = postSolution
		{8838F00B-C80E-4419-97FD-0CD356090F67}.Debug|Any CPU.ActiveCfg = Debug|Any CPU
		{8838F00B-C80E-4419-97FD-0CD356090F67}.Debug|Any CPU.Build.0 = Debug|Any CPU
		{8838F00B-C80E-4419-97FD-0CD356090F67}.Release|Any CPU.ActiveCfg = Release|Any CPU
		{8838F00B-C80E-4419-97FD-0CD356090F67}.Release|Any CPU.Build.0 = Release|Any CPU
		{BD3CA6F8-9381-422A-B603-434620180BB0}.Debug|Any CPU.ActiveCfg = Debug|Any CPU
		{BD3CA6F8-9381-422A-B603-434620180BB0}.Debug|Any CPU.Build.0 = Debug|Any CPU
		{BD3CA6F8-9381-422A-B603-434620180BB0}.Release|Any CPU.ActiveCfg = Release|Any CPU
		{BD3CA6F8-9381-422A-B603-434620180BB0}.Release|Any CPU.Build.0 = Release|Any CPU
		{0318F033-5888-44D1-BB2D-3E508FC56084}.Debug|Any CPU.ActiveCfg = Debug|Any CPU
		{0318F033-5888-44D1-BB2D-3E508FC56084}.Debug|Any CPU.Build.0 = Debug|Any CPU
		{0318F033-5888-44D1-BB2D-3E508FC56084}.Release|Any CPU.ActiveCfg = Release|Any CPU
		{0318F033-5888-44D1-BB2D-3E508FC56084}.Release|Any CPU.Build.0 = Release|Any CPU
		{B57AC065-8DF5-4E9F-A272-9A463C2D9537}.Debug|Any CPU.ActiveCfg = Debug|Any CPU
		{B57AC065-8DF5-4E9F-A272-9A463C2D9537}.Debug|Any CPU.Build.0 = Debug|Any CPU
		{B57AC065-8DF5-4E9F-A272-9A463C2D9537}.Release|Any CPU.ActiveCfg = Release|Any CPU
		{B57AC065-8DF5-4E9F-A272-9A463C2D9537}.Release|Any CPU.Build.0 = Release|Any CPU
	EndGlobalSection
	GlobalSection(SolutionProperties) = preSolution
		HideSolutionNode = FALSE
	EndGlobalSection
	GlobalSection(NestedProjects) = preSolution
		{8838F00B-C80E-4419-97FD-0CD356090F67} = {ABF8F02B-37E0-466E-BB6A-B596BD47FFF4}
		{BD3CA6F8-9381-422A-B603-434620180BB0} = {ABF8F02B-37E0-466E-BB6A-B596BD47FFF4}
		{0318F033-5888-44D1-BB2D-3E508FC56084} = {D3A08956-F1D6-4922-874C-F643401EC34B}
		{B57AC065-8DF5-4E9F-A272-9A463C2D9537} = {ABF8F02B-37E0-466E-BB6A-B596BD47FFF4}
	EndGlobalSection
	GlobalSection(ExtensibilityGlobals) = postSolution
		SolutionGuid = {E00DED8E-BF21-4478-9E91-25DCE96E037A}
	EndGlobalSection
EndGlobal
