
Microsoft Visual Studio Solution File, Format Version 12.00
# Visual Studio Version 17
VisualStudioVersion = 17.4.33205.214
MinimumVisualStudioVersion = 10.0.40219.1
Project("{2150E333-8FDC-42A3-9474-1A3956D46DE8}") = "Backend", "Backend", "{ABF8F02B-37E0-466E-BB6A-B596BD47FFF4}"
EndProject
Project("{2150E333-8FDC-42A3-9474-1A3956D46DE8}") = "Shared", "Shared", "{D3A08956-F1D6-4922-874C-F643401EC34B}"
EndProject
Project("{FAE04EC0-301F-11D3-BF4B-00C04F79EFBC}") = "LaptopsMonitor.Shared", "LaptopsMonitor.Shared\LaptopsMonitor.Shared.csproj", "{E40BFCDC-039E-4A42-AB6E-F3BB295FA1E6}"
EndProject
Project("{FAE04EC0-301F-11D3-BF4B-00C04F79EFBC}") = "LaptopsMonitor.Domain", "LaptopsMonitor.Domain\LaptopsMonitor.Domain.csproj", "{81DF7F33-A6F8-4696-B4A9-DF6181FE31A7}"
EndProject
Project("{FAE04EC0-301F-11D3-BF4B-00C04F79EFBC}") = "LaptopsMonitor.Infrastructure", "LaptopsMonitor.Infrastructure\LaptopsMonitor.Infrastructure.csproj", "{EE633CAE-62C1-4C52-8676-F77EC38AEDC5}"
EndProject
Project("{FAE04EC0-301F-11D3-BF4B-00C04F79EFBC}") = "LaptopsMonitor.Api", "LaptopsMonitor.Api\LaptopsMonitor.Api.csproj", "{7271C6AB-4117-422B-806A-C8CDC5821BC8}"
EndProject
Project("{FAE04EC0-301F-11D3-BF4B-00C04F79EFBC}") = "LaptopsMonitor.Application", "LaptopsMonitor.Application\LaptopsMonitor.Application.csproj", "{A69DAC5F-940F-4ED1-880D-964945A74508}"
EndProject
Project("{2150E333-8FDC-42A3-9474-1A3956D46DE8}") = "Frontend", "Frontend", "{29D74EF7-6F8B-4A5F-9CC2-1B41E9B4B305}"
EndProject
Project("{FAE04EC0-301F-11D3-BF4B-00C04F79EFBC}") = "LaptopsMonitor.Dashboard.Ui", "LaptopsMonitor.Dashboard.Ui\LaptopsMonitor.Dashboard.Ui.csproj", "{1B438703-D7B8-493A-B455-27EC5BE89308}"
EndProject
Project("{FAE04EC0-301F-11D3-BF4B-00C04F79EFBC}") = "LaptopsMonitor.Dashboard.Application", "LaptopsMonitor.Dashboard.Application\LaptopsMonitor.Dashboard.Application.csproj", "{14B30910-7349-4898-9EAE-0E0665DCB879}"
EndProject
Global
	GlobalSection(SolutionConfigurationPlatforms) = preSolution
		Debug|Any CPU = Debug|Any CPU
		Release|Any CPU = Release|Any CPU
	EndGlobalSection
	GlobalSection(ProjectConfigurationPlatforms) = postSolution
		{E40BFCDC-039E-4A42-AB6E-F3BB295FA1E6}.Debug|Any CPU.ActiveCfg = Debug|Any CPU
		{E40BFCDC-039E-4A42-AB6E-F3BB295FA1E6}.Debug|Any CPU.Build.0 = Debug|Any CPU
		{E40BFCDC-039E-4A42-AB6E-F3BB295FA1E6}.Release|Any CPU.ActiveCfg = Release|Any CPU
		{E40BFCDC-039E-4A42-AB6E-F3BB295FA1E6}.Release|Any CPU.Build.0 = Release|Any CPU
		{81DF7F33-A6F8-4696-B4A9-DF6181FE31A7}.Debug|Any CPU.ActiveCfg = Debug|Any CPU
		{81DF7F33-A6F8-4696-B4A9-DF6181FE31A7}.Debug|Any CPU.Build.0 = Debug|Any CPU
		{81DF7F33-A6F8-4696-B4A9-DF6181FE31A7}.Release|Any CPU.ActiveCfg = Release|Any CPU
		{81DF7F33-A6F8-4696-B4A9-DF6181FE31A7}.Release|Any CPU.Build.0 = Release|Any CPU
		{EE633CAE-62C1-4C52-8676-F77EC38AEDC5}.Debug|Any CPU.ActiveCfg = Debug|Any CPU
		{EE633CAE-62C1-4C52-8676-F77EC38AEDC5}.Debug|Any CPU.Build.0 = Debug|Any CPU
		{EE633CAE-62C1-4C52-8676-F77EC38AEDC5}.Release|Any CPU.ActiveCfg = Release|Any CPU
		{EE633CAE-62C1-4C52-8676-F77EC38AEDC5}.Release|Any CPU.Build.0 = Release|Any CPU
		{7271C6AB-4117-422B-806A-C8CDC5821BC8}.Debug|Any CPU.ActiveCfg = Debug|Any CPU
		{7271C6AB-4117-422B-806A-C8CDC5821BC8}.Debug|Any CPU.Build.0 = Debug|Any CPU
		{7271C6AB-4117-422B-806A-C8CDC5821BC8}.Release|Any CPU.ActiveCfg = Release|Any CPU
		{7271C6AB-4117-422B-806A-C8CDC5821BC8}.Release|Any CPU.Build.0 = Release|Any CPU
		{A69DAC5F-940F-4ED1-880D-964945A74508}.Debug|Any CPU.ActiveCfg = Debug|Any CPU
		{A69DAC5F-940F-4ED1-880D-964945A74508}.Debug|Any CPU.Build.0 = Debug|Any CPU
		{A69DAC5F-940F-4ED1-880D-964945A74508}.Release|Any CPU.ActiveCfg = Release|Any CPU
		{A69DAC5F-940F-4ED1-880D-964945A74508}.Release|Any CPU.Build.0 = Release|Any CPU
		{1B438703-D7B8-493A-B455-27EC5BE89308}.Debug|Any CPU.ActiveCfg = Debug|Any CPU
		{1B438703-D7B8-493A-B455-27EC5BE89308}.Debug|Any CPU.Build.0 = Debug|Any CPU
		{1B438703-D7B8-493A-B455-27EC5BE89308}.Release|Any CPU.ActiveCfg = Release|Any CPU
		{1B438703-D7B8-493A-B455-27EC5BE89308}.Release|Any CPU.Build.0 = Release|Any CPU
		{14B30910-7349-4898-9EAE-0E0665DCB879}.Debug|Any CPU.ActiveCfg = Debug|Any CPU
		{14B30910-7349-4898-9EAE-0E0665DCB879}.Debug|Any CPU.Build.0 = Debug|Any CPU
		{14B30910-7349-4898-9EAE-0E0665DCB879}.Release|Any CPU.ActiveCfg = Release|Any CPU
		{14B30910-7349-4898-9EAE-0E0665DCB879}.Release|Any CPU.Build.0 = Release|Any CPU
	EndGlobalSection
	GlobalSection(SolutionProperties) = preSolution
		HideSolutionNode = FALSE
	EndGlobalSection
	GlobalSection(NestedProjects) = preSolution
		{E40BFCDC-039E-4A42-AB6E-F3BB295FA1E6} = {D3A08956-F1D6-4922-874C-F643401EC34B}
		{7271C6AB-4117-422B-806A-C8CDC5821BC8} = {ABF8F02B-37E0-466E-BB6A-B596BD47FFF4}
		{A69DAC5F-940F-4ED1-880D-964945A74508} = {ABF8F02B-37E0-466E-BB6A-B596BD47FFF4}
		{1B438703-D7B8-493A-B455-27EC5BE89308} = {29D74EF7-6F8B-4A5F-9CC2-1B41E9B4B305}
		{14B30910-7349-4898-9EAE-0E0665DCB879} = {29D74EF7-6F8B-4A5F-9CC2-1B41E9B4B305}
		{81DF7F33-A6F8-4696-B4A9-DF6181FE31A7} = {D3A08956-F1D6-4922-874C-F643401EC34B}
		{EE633CAE-62C1-4C52-8676-F77EC38AEDC5} = {D3A08956-F1D6-4922-874C-F643401EC34B}
	EndGlobalSection
	GlobalSection(ExtensibilityGlobals) = postSolution
		SolutionGuid = {E00DED8E-BF21-4478-9E91-25DCE96E037A}
	EndGlobalSection
EndGlobal
